
Microsoft Visual Studio Solution File, Format Version 12.00
# Visual Studio Express 2012 for Windows 8
Project("{8BC9CEB8-8B4A-11D0-8D11-00A0C91BC942}") = "demo_simple", "demos\demo_simple\demo_simple_WinRT.vcxproj", "{8ED4EDB5-7C0E-411F-BCC6-E96882CC73F3}"
	ProjectSection(ProjectDependencies) = postProject
		{D6973076-9317-4EF2-A0B8-B7A18AC0713E} = {D6973076-9317-4EF2-A0B8-B7A18AC0713E}
	EndProjectSection
EndProject
Project("{8BC9CEB8-8B4A-11D0-8D11-00A0C91BC942}") = "demo_3d", "demos\demo_3d\demo_3d_WinRT.vcxproj", "{8ED4EDB5-7C0E-411F-BCC6-A96882CC73F3}"
	ProjectSection(ProjectDependencies) = postProject
		{D6973076-9317-4EF2-A0B8-B7A18AC0713E} = {D6973076-9317-4EF2-A0B8-B7A18AC0713E}
	EndProjectSection
EndProject
Project("{8BC9CEB8-8B4A-11D0-8D11-00A0C91BC942}") = "libgtypes", "..\gtypes\libgtypes_WinRT.vcxproj", "{9C043B29-DB40-48D5-97D8-1BC44128E3BA}"
EndProject
Project("{8BC9CEB8-8B4A-11D0-8D11-00A0C91BC942}") = "libhltypes", "..\hltypes\libhltypes_WinRT.vcxproj", "{E4D373BF-E227-48B9-99E6-84987E8674EC}"
EndProject
Project("{8BC9CEB8-8B4A-11D0-8D11-00A0C91BC942}") = "demo_tictactoe", "demos\demo_tictactoe\demo_tictactoe_WinRT.vcxproj", "{E0BA09D4-16F6-495D-8497-C7FC6BA2C7B7}"
	ProjectSection(ProjectDependencies) = postProject
		{D6973076-9317-4EF2-A0B8-B7A18AC0713E} = {D6973076-9317-4EF2-A0B8-B7A18AC0713E}
	EndProjectSection
EndProject
Project("{8BC9CEB8-8B4A-11D0-8D11-00A0C91BC942}") = "libjpeg", "..\jpg\libjpeg_WinRT.vcxproj", "{019DBD2A-273D-4BA4-BF86-B5EFE2ED76B1}"
EndProject
Project("{8BC9CEB8-8B4A-11D0-8D11-00A0C91BC942}") = "libpng", "..\png\projects\vstudio11-winrt\libpng\libpng.vcxproj", "{D6973076-9317-4EF2-A0B8-B7A18AC0713E}"
	ProjectSection(ProjectDependencies) = postProject
		{60F89955-91C6-3A36-8000-13C592FEC2DF} = {60F89955-91C6-3A36-8000-13C592FEC2DF}
	EndProjectSection
EndProject
Project("{8BC9CEB8-8B4A-11D0-8D11-00A0C91BC942}") = "zlib", "..\png\projects\vstudio11-winrt\zlib\zlib.vcxproj", "{60F89955-91C6-3A36-8000-13C592FEC2DF}"
EndProject
Project("{8BC9CEB8-8B4A-11D0-8D11-00A0C91BC942}") = "libapril", "libapril_WinRT.vcxproj", "{2D053CDA-686B-4B36-80EB-1DA5F0CEF8F9}"
	ProjectSection(ProjectDependencies) = postProject
		{019DBD2A-273D-4BA4-BF86-B5EFE2ED76B1} = {019DBD2A-273D-4BA4-BF86-B5EFE2ED76B1}
		{D6973076-9317-4EF2-A0B8-B7A18AC0713E} = {D6973076-9317-4EF2-A0B8-B7A18AC0713E}
	EndProjectSection
EndProject
Global
	GlobalSection(SolutionConfigurationPlatforms) = preSolution
		Debug_DirectX11|ARM = Debug_DirectX11|ARM
		Debug_DirectX11|Win32 = Debug_DirectX11|Win32
		Debug_OpenGLES1|ARM = Debug_OpenGLES1|ARM
		Debug_OpenGLES1|Win32 = Debug_OpenGLES1|Win32
		Debug|ARM = Debug|ARM
		Debug|Win32 = Debug|Win32
		DebugP8_DirectX11|ARM = DebugP8_DirectX11|ARM
		DebugP8_DirectX11|Win32 = DebugP8_DirectX11|Win32
		DebugP8_OpenGLES1|ARM = DebugP8_OpenGLES1|ARM
		DebugP8_OpenGLES1|Win32 = DebugP8_OpenGLES1|Win32
		DebugP8|ARM = DebugP8|ARM
		DebugP8|Win32 = DebugP8|Win32
		Release_DirectX11|ARM = Release_DirectX11|ARM
		Release_DirectX11|Win32 = Release_DirectX11|Win32
		Release_OpenGLES1|ARM = Release_OpenGLES1|ARM
		Release_OpenGLES1|Win32 = Release_OpenGLES1|Win32
		Release|ARM = Release|ARM
		Release|Win32 = Release|Win32
		ReleaseP8_DirectX11|ARM = ReleaseP8_DirectX11|ARM
		ReleaseP8_DirectX11|Win32 = ReleaseP8_DirectX11|Win32
		ReleaseP8_OpenGLES1|ARM = ReleaseP8_OpenGLES1|ARM
		ReleaseP8_OpenGLES1|Win32 = ReleaseP8_OpenGLES1|Win32
		ReleaseP8|ARM = ReleaseP8|ARM
		ReleaseP8|Win32 = ReleaseP8|Win32
	EndGlobalSection
	GlobalSection(ProjectConfigurationPlatforms) = postSolution
		{8ED4EDB5-7C0E-411F-BCC6-E96882CC73F3}.Debug_DirectX11|ARM.ActiveCfg = Debug|ARM
		{8ED4EDB5-7C0E-411F-BCC6-E96882CC73F3}.Debug_DirectX11|ARM.Build.0 = Debug|ARM
		{8ED4EDB5-7C0E-411F-BCC6-E96882CC73F3}.Debug_DirectX11|ARM.Deploy.0 = Debug|ARM
		{8ED4EDB5-7C0E-411F-BCC6-E96882CC73F3}.Debug_DirectX11|Win32.ActiveCfg = Debug|Win32
		{8ED4EDB5-7C0E-411F-BCC6-E96882CC73F3}.Debug_DirectX11|Win32.Build.0 = Debug|Win32
		{8ED4EDB5-7C0E-411F-BCC6-E96882CC73F3}.Debug_DirectX11|Win32.Deploy.0 = Debug|Win32
		{8ED4EDB5-7C0E-411F-BCC6-E96882CC73F3}.Debug_OpenGLES1|ARM.ActiveCfg = Debug|ARM
		{8ED4EDB5-7C0E-411F-BCC6-E96882CC73F3}.Debug_OpenGLES1|ARM.Build.0 = Debug|ARM
		{8ED4EDB5-7C0E-411F-BCC6-E96882CC73F3}.Debug_OpenGLES1|ARM.Deploy.0 = Debug|ARM
		{8ED4EDB5-7C0E-411F-BCC6-E96882CC73F3}.Debug_OpenGLES1|Win32.ActiveCfg = Debug|Win32
		{8ED4EDB5-7C0E-411F-BCC6-E96882CC73F3}.Debug_OpenGLES1|Win32.Build.0 = Debug|Win32
		{8ED4EDB5-7C0E-411F-BCC6-E96882CC73F3}.Debug_OpenGLES1|Win32.Deploy.0 = Debug|Win32
		{8ED4EDB5-7C0E-411F-BCC6-E96882CC73F3}.Debug|ARM.ActiveCfg = Debug|ARM
		{8ED4EDB5-7C0E-411F-BCC6-E96882CC73F3}.Debug|ARM.Build.0 = Debug|ARM
		{8ED4EDB5-7C0E-411F-BCC6-E96882CC73F3}.Debug|ARM.Deploy.0 = Debug|ARM
		{8ED4EDB5-7C0E-411F-BCC6-E96882CC73F3}.Debug|Win32.ActiveCfg = Debug|Win32
		{8ED4EDB5-7C0E-411F-BCC6-E96882CC73F3}.Debug|Win32.Build.0 = Debug|Win32
		{8ED4EDB5-7C0E-411F-BCC6-E96882CC73F3}.Debug|Win32.Deploy.0 = Debug|Win32
		{8ED4EDB5-7C0E-411F-BCC6-E96882CC73F3}.DebugP8_DirectX11|ARM.ActiveCfg = DebugP8|ARM
		{8ED4EDB5-7C0E-411F-BCC6-E96882CC73F3}.DebugP8_DirectX11|ARM.Build.0 = DebugP8|ARM
		{8ED4EDB5-7C0E-411F-BCC6-E96882CC73F3}.DebugP8_DirectX11|ARM.Deploy.0 = DebugP8|ARM
		{8ED4EDB5-7C0E-411F-BCC6-E96882CC73F3}.DebugP8_DirectX11|Win32.ActiveCfg = DebugP8|Win32
		{8ED4EDB5-7C0E-411F-BCC6-E96882CC73F3}.DebugP8_DirectX11|Win32.Build.0 = DebugP8|Win32
		{8ED4EDB5-7C0E-411F-BCC6-E96882CC73F3}.DebugP8_DirectX11|Win32.Deploy.0 = DebugP8|Win32
		{8ED4EDB5-7C0E-411F-BCC6-E96882CC73F3}.DebugP8_OpenGLES1|ARM.ActiveCfg = DebugP8|ARM
		{8ED4EDB5-7C0E-411F-BCC6-E96882CC73F3}.DebugP8_OpenGLES1|ARM.Build.0 = DebugP8|ARM
		{8ED4EDB5-7C0E-411F-BCC6-E96882CC73F3}.DebugP8_OpenGLES1|ARM.Deploy.0 = DebugP8|ARM
		{8ED4EDB5-7C0E-411F-BCC6-E96882CC73F3}.DebugP8_OpenGLES1|Win32.ActiveCfg = DebugP8|Win32
		{8ED4EDB5-7C0E-411F-BCC6-E96882CC73F3}.DebugP8_OpenGLES1|Win32.Build.0 = DebugP8|Win32
		{8ED4EDB5-7C0E-411F-BCC6-E96882CC73F3}.DebugP8_OpenGLES1|Win32.Deploy.0 = DebugP8|Win32
		{8ED4EDB5-7C0E-411F-BCC6-E96882CC73F3}.DebugP8|ARM.ActiveCfg = DebugP8|ARM
		{8ED4EDB5-7C0E-411F-BCC6-E96882CC73F3}.DebugP8|ARM.Build.0 = DebugP8|ARM
		{8ED4EDB5-7C0E-411F-BCC6-E96882CC73F3}.DebugP8|ARM.Deploy.0 = DebugP8|ARM
		{8ED4EDB5-7C0E-411F-BCC6-E96882CC73F3}.DebugP8|Win32.ActiveCfg = DebugP8|Win32
		{8ED4EDB5-7C0E-411F-BCC6-E96882CC73F3}.DebugP8|Win32.Build.0 = DebugP8|Win32
		{8ED4EDB5-7C0E-411F-BCC6-E96882CC73F3}.DebugP8|Win32.Deploy.0 = DebugP8|Win32
		{8ED4EDB5-7C0E-411F-BCC6-E96882CC73F3}.Release_DirectX11|ARM.ActiveCfg = Release|ARM
		{8ED4EDB5-7C0E-411F-BCC6-E96882CC73F3}.Release_DirectX11|ARM.Build.0 = Release|ARM
		{8ED4EDB5-7C0E-411F-BCC6-E96882CC73F3}.Release_DirectX11|ARM.Deploy.0 = Release|ARM
		{8ED4EDB5-7C0E-411F-BCC6-E96882CC73F3}.Release_DirectX11|Win32.ActiveCfg = Release|Win32
		{8ED4EDB5-7C0E-411F-BCC6-E96882CC73F3}.Release_DirectX11|Win32.Build.0 = Release|Win32
		{8ED4EDB5-7C0E-411F-BCC6-E96882CC73F3}.Release_DirectX11|Win32.Deploy.0 = Release|Win32
		{8ED4EDB5-7C0E-411F-BCC6-E96882CC73F3}.Release_OpenGLES1|ARM.ActiveCfg = Release|ARM
		{8ED4EDB5-7C0E-411F-BCC6-E96882CC73F3}.Release_OpenGLES1|ARM.Build.0 = Release|ARM
		{8ED4EDB5-7C0E-411F-BCC6-E96882CC73F3}.Release_OpenGLES1|ARM.Deploy.0 = Release|ARM
		{8ED4EDB5-7C0E-411F-BCC6-E96882CC73F3}.Release_OpenGLES1|Win32.ActiveCfg = Release|Win32
		{8ED4EDB5-7C0E-411F-BCC6-E96882CC73F3}.Release_OpenGLES1|Win32.Build.0 = Release|Win32
		{8ED4EDB5-7C0E-411F-BCC6-E96882CC73F3}.Release_OpenGLES1|Win32.Deploy.0 = Release|Win32
		{8ED4EDB5-7C0E-411F-BCC6-E96882CC73F3}.Release|ARM.ActiveCfg = Release|ARM
		{8ED4EDB5-7C0E-411F-BCC6-E96882CC73F3}.Release|ARM.Build.0 = Release|ARM
		{8ED4EDB5-7C0E-411F-BCC6-E96882CC73F3}.Release|ARM.Deploy.0 = Release|ARM
		{8ED4EDB5-7C0E-411F-BCC6-E96882CC73F3}.Release|Win32.ActiveCfg = Release|Win32
		{8ED4EDB5-7C0E-411F-BCC6-E96882CC73F3}.Release|Win32.Build.0 = Release|Win32
		{8ED4EDB5-7C0E-411F-BCC6-E96882CC73F3}.Release|Win32.Deploy.0 = Release|Win32
		{8ED4EDB5-7C0E-411F-BCC6-E96882CC73F3}.ReleaseP8_DirectX11|ARM.ActiveCfg = ReleaseP8|ARM
		{8ED4EDB5-7C0E-411F-BCC6-E96882CC73F3}.ReleaseP8_DirectX11|ARM.Build.0 = ReleaseP8|ARM
		{8ED4EDB5-7C0E-411F-BCC6-E96882CC73F3}.ReleaseP8_DirectX11|ARM.Deploy.0 = ReleaseP8|ARM
		{8ED4EDB5-7C0E-411F-BCC6-E96882CC73F3}.ReleaseP8_DirectX11|Win32.ActiveCfg = ReleaseP8|Win32
		{8ED4EDB5-7C0E-411F-BCC6-E96882CC73F3}.ReleaseP8_DirectX11|Win32.Build.0 = ReleaseP8|Win32
		{8ED4EDB5-7C0E-411F-BCC6-E96882CC73F3}.ReleaseP8_DirectX11|Win32.Deploy.0 = ReleaseP8|Win32
		{8ED4EDB5-7C0E-411F-BCC6-E96882CC73F3}.ReleaseP8_OpenGLES1|ARM.ActiveCfg = ReleaseP8|ARM
		{8ED4EDB5-7C0E-411F-BCC6-E96882CC73F3}.ReleaseP8_OpenGLES1|ARM.Build.0 = ReleaseP8|ARM
		{8ED4EDB5-7C0E-411F-BCC6-E96882CC73F3}.ReleaseP8_OpenGLES1|ARM.Deploy.0 = ReleaseP8|ARM
		{8ED4EDB5-7C0E-411F-BCC6-E96882CC73F3}.ReleaseP8_OpenGLES1|Win32.ActiveCfg = ReleaseP8|Win32
		{8ED4EDB5-7C0E-411F-BCC6-E96882CC73F3}.ReleaseP8_OpenGLES1|Win32.Build.0 = ReleaseP8|Win32
		{8ED4EDB5-7C0E-411F-BCC6-E96882CC73F3}.ReleaseP8_OpenGLES1|Win32.Deploy.0 = ReleaseP8|Win32
		{8ED4EDB5-7C0E-411F-BCC6-E96882CC73F3}.ReleaseP8|ARM.ActiveCfg = ReleaseP8|ARM
		{8ED4EDB5-7C0E-411F-BCC6-E96882CC73F3}.ReleaseP8|ARM.Build.0 = ReleaseP8|ARM
		{8ED4EDB5-7C0E-411F-BCC6-E96882CC73F3}.ReleaseP8|ARM.Deploy.0 = ReleaseP8|ARM
		{8ED4EDB5-7C0E-411F-BCC6-E96882CC73F3}.ReleaseP8|Win32.ActiveCfg = ReleaseP8|Win32
		{8ED4EDB5-7C0E-411F-BCC6-E96882CC73F3}.ReleaseP8|Win32.Build.0 = ReleaseP8|Win32
		{8ED4EDB5-7C0E-411F-BCC6-E96882CC73F3}.ReleaseP8|Win32.Deploy.0 = ReleaseP8|Win32
		{8ED4EDB5-7C0E-411F-BCC6-A96882CC73F3}.Debug_DirectX11|ARM.ActiveCfg = Debug|ARM
		{8ED4EDB5-7C0E-411F-BCC6-A96882CC73F3}.Debug_DirectX11|Win32.ActiveCfg = Debug|Win32
		{8ED4EDB5-7C0E-411F-BCC6-A96882CC73F3}.Debug_OpenGLES1|ARM.ActiveCfg = Debug|ARM
		{8ED4EDB5-7C0E-411F-BCC6-A96882CC73F3}.Debug_OpenGLES1|Win32.ActiveCfg = Debug|Win32
		{8ED4EDB5-7C0E-411F-BCC6-A96882CC73F3}.Debug|ARM.ActiveCfg = Debug|ARM
		{8ED4EDB5-7C0E-411F-BCC6-A96882CC73F3}.Debug|Win32.ActiveCfg = Debug|Win32
		{8ED4EDB5-7C0E-411F-BCC6-A96882CC73F3}.DebugP8_DirectX11|ARM.ActiveCfg = DebugP8|ARM
		{8ED4EDB5-7C0E-411F-BCC6-A96882CC73F3}.DebugP8_DirectX11|Win32.ActiveCfg = DebugP8|Win32
		{8ED4EDB5-7C0E-411F-BCC6-A96882CC73F3}.DebugP8_OpenGLES1|ARM.ActiveCfg = DebugP8|ARM
		{8ED4EDB5-7C0E-411F-BCC6-A96882CC73F3}.DebugP8_OpenGLES1|Win32.ActiveCfg = DebugP8|Win32
		{8ED4EDB5-7C0E-411F-BCC6-A96882CC73F3}.DebugP8|ARM.ActiveCfg = DebugP8|ARM
		{8ED4EDB5-7C0E-411F-BCC6-A96882CC73F3}.DebugP8|Win32.ActiveCfg = DebugP8|Win32
		{8ED4EDB5-7C0E-411F-BCC6-A96882CC73F3}.Release_DirectX11|ARM.ActiveCfg = Release|ARM
		{8ED4EDB5-7C0E-411F-BCC6-A96882CC73F3}.Release_DirectX11|Win32.ActiveCfg = Release|Win32
		{8ED4EDB5-7C0E-411F-BCC6-A96882CC73F3}.Release_OpenGLES1|ARM.ActiveCfg = Release|ARM
		{8ED4EDB5-7C0E-411F-BCC6-A96882CC73F3}.Release_OpenGLES1|Win32.ActiveCfg = Release|Win32
		{8ED4EDB5-7C0E-411F-BCC6-A96882CC73F3}.Release|ARM.ActiveCfg = Release|ARM
		{8ED4EDB5-7C0E-411F-BCC6-A96882CC73F3}.Release|Win32.ActiveCfg = Release|Win32
		{8ED4EDB5-7C0E-411F-BCC6-A96882CC73F3}.ReleaseP8_DirectX11|ARM.ActiveCfg = ReleaseP8|ARM
		{8ED4EDB5-7C0E-411F-BCC6-A96882CC73F3}.ReleaseP8_DirectX11|Win32.ActiveCfg = ReleaseP8|Win32
		{8ED4EDB5-7C0E-411F-BCC6-A96882CC73F3}.ReleaseP8_OpenGLES1|ARM.ActiveCfg = ReleaseP8|ARM
		{8ED4EDB5-7C0E-411F-BCC6-A96882CC73F3}.ReleaseP8_OpenGLES1|Win32.ActiveCfg = ReleaseP8|Win32
		{8ED4EDB5-7C0E-411F-BCC6-A96882CC73F3}.ReleaseP8|ARM.ActiveCfg = ReleaseP8|ARM
		{8ED4EDB5-7C0E-411F-BCC6-A96882CC73F3}.ReleaseP8|Win32.ActiveCfg = ReleaseP8|Win32
		{9C043B29-DB40-48D5-97D8-1BC44128E3BA}.Debug_DirectX11|ARM.ActiveCfg = Debug|ARM
		{9C043B29-DB40-48D5-97D8-1BC44128E3BA}.Debug_DirectX11|ARM.Build.0 = Debug|ARM
		{9C043B29-DB40-48D5-97D8-1BC44128E3BA}.Debug_DirectX11|Win32.ActiveCfg = Debug|Win32
		{9C043B29-DB40-48D5-97D8-1BC44128E3BA}.Debug_DirectX11|Win32.Build.0 = Debug|Win32
		{9C043B29-DB40-48D5-97D8-1BC44128E3BA}.Debug_OpenGLES1|ARM.ActiveCfg = Debug|ARM
		{9C043B29-DB40-48D5-97D8-1BC44128E3BA}.Debug_OpenGLES1|ARM.Build.0 = Debug|ARM
		{9C043B29-DB40-48D5-97D8-1BC44128E3BA}.Debug_OpenGLES1|Win32.ActiveCfg = Debug|Win32
		{9C043B29-DB40-48D5-97D8-1BC44128E3BA}.Debug_OpenGLES1|Win32.Build.0 = Debug|Win32
		{9C043B29-DB40-48D5-97D8-1BC44128E3BA}.Debug|ARM.ActiveCfg = Debug|ARM
		{9C043B29-DB40-48D5-97D8-1BC44128E3BA}.Debug|ARM.Build.0 = Debug|ARM
		{9C043B29-DB40-48D5-97D8-1BC44128E3BA}.Debug|Win32.ActiveCfg = Debug|Win32
		{9C043B29-DB40-48D5-97D8-1BC44128E3BA}.Debug|Win32.Build.0 = Debug|Win32
		{9C043B29-DB40-48D5-97D8-1BC44128E3BA}.DebugP8_DirectX11|ARM.ActiveCfg = DebugP8|ARM
		{9C043B29-DB40-48D5-97D8-1BC44128E3BA}.DebugP8_DirectX11|ARM.Build.0 = DebugP8|ARM
		{9C043B29-DB40-48D5-97D8-1BC44128E3BA}.DebugP8_DirectX11|Win32.ActiveCfg = DebugP8|Win32
		{9C043B29-DB40-48D5-97D8-1BC44128E3BA}.DebugP8_DirectX11|Win32.Build.0 = DebugP8|Win32
		{9C043B29-DB40-48D5-97D8-1BC44128E3BA}.DebugP8_OpenGLES1|ARM.ActiveCfg = DebugP8|ARM
		{9C043B29-DB40-48D5-97D8-1BC44128E3BA}.DebugP8_OpenGLES1|ARM.Build.0 = DebugP8|ARM
		{9C043B29-DB40-48D5-97D8-1BC44128E3BA}.DebugP8_OpenGLES1|Win32.ActiveCfg = DebugP8|Win32
		{9C043B29-DB40-48D5-97D8-1BC44128E3BA}.DebugP8_OpenGLES1|Win32.Build.0 = DebugP8|Win32
		{9C043B29-DB40-48D5-97D8-1BC44128E3BA}.DebugP8|ARM.ActiveCfg = DebugP8|ARM
		{9C043B29-DB40-48D5-97D8-1BC44128E3BA}.DebugP8|ARM.Build.0 = DebugP8|ARM
		{9C043B29-DB40-48D5-97D8-1BC44128E3BA}.DebugP8|Win32.ActiveCfg = DebugP8|Win32
		{9C043B29-DB40-48D5-97D8-1BC44128E3BA}.DebugP8|Win32.Build.0 = DebugP8|Win32
		{9C043B29-DB40-48D5-97D8-1BC44128E3BA}.Release_DirectX11|ARM.ActiveCfg = Release|ARM
		{9C043B29-DB40-48D5-97D8-1BC44128E3BA}.Release_DirectX11|ARM.Build.0 = Release|ARM
		{9C043B29-DB40-48D5-97D8-1BC44128E3BA}.Release_DirectX11|Win32.ActiveCfg = Release|Win32
		{9C043B29-DB40-48D5-97D8-1BC44128E3BA}.Release_DirectX11|Win32.Build.0 = Release|Win32
		{9C043B29-DB40-48D5-97D8-1BC44128E3BA}.Release_OpenGLES1|ARM.ActiveCfg = Release|ARM
		{9C043B29-DB40-48D5-97D8-1BC44128E3BA}.Release_OpenGLES1|ARM.Build.0 = Release|ARM
		{9C043B29-DB40-48D5-97D8-1BC44128E3BA}.Release_OpenGLES1|Win32.ActiveCfg = Release|Win32
		{9C043B29-DB40-48D5-97D8-1BC44128E3BA}.Release_OpenGLES1|Win32.Build.0 = Release|Win32
		{9C043B29-DB40-48D5-97D8-1BC44128E3BA}.Release|ARM.ActiveCfg = Release|ARM
		{9C043B29-DB40-48D5-97D8-1BC44128E3BA}.Release|ARM.Build.0 = Release|ARM
		{9C043B29-DB40-48D5-97D8-1BC44128E3BA}.Release|Win32.ActiveCfg = Release|Win32
		{9C043B29-DB40-48D5-97D8-1BC44128E3BA}.Release|Win32.Build.0 = Release|Win32
		{9C043B29-DB40-48D5-97D8-1BC44128E3BA}.ReleaseP8_DirectX11|ARM.ActiveCfg = ReleaseP8|ARM
		{9C043B29-DB40-48D5-97D8-1BC44128E3BA}.ReleaseP8_DirectX11|ARM.Build.0 = ReleaseP8|ARM
		{9C043B29-DB40-48D5-97D8-1BC44128E3BA}.ReleaseP8_DirectX11|Win32.ActiveCfg = ReleaseP8|Win32
		{9C043B29-DB40-48D5-97D8-1BC44128E3BA}.ReleaseP8_DirectX11|Win32.Build.0 = ReleaseP8|Win32
		{9C043B29-DB40-48D5-97D8-1BC44128E3BA}.ReleaseP8_OpenGLES1|ARM.ActiveCfg = ReleaseP8|ARM
		{9C043B29-DB40-48D5-97D8-1BC44128E3BA}.ReleaseP8_OpenGLES1|ARM.Build.0 = ReleaseP8|ARM
		{9C043B29-DB40-48D5-97D8-1BC44128E3BA}.ReleaseP8_OpenGLES1|Win32.ActiveCfg = ReleaseP8|Win32
		{9C043B29-DB40-48D5-97D8-1BC44128E3BA}.ReleaseP8_OpenGLES1|Win32.Build.0 = ReleaseP8|Win32
		{9C043B29-DB40-48D5-97D8-1BC44128E3BA}.ReleaseP8|ARM.ActiveCfg = ReleaseP8|ARM
		{9C043B29-DB40-48D5-97D8-1BC44128E3BA}.ReleaseP8|ARM.Build.0 = ReleaseP8|ARM
		{9C043B29-DB40-48D5-97D8-1BC44128E3BA}.ReleaseP8|Win32.ActiveCfg = ReleaseP8|Win32
		{9C043B29-DB40-48D5-97D8-1BC44128E3BA}.ReleaseP8|Win32.Build.0 = ReleaseP8|Win32
		{E4D373BF-E227-48B9-99E6-84987E8674EC}.Debug_DirectX11|ARM.ActiveCfg = Debug|ARM
		{E4D373BF-E227-48B9-99E6-84987E8674EC}.Debug_DirectX11|ARM.Build.0 = Debug|ARM
		{E4D373BF-E227-48B9-99E6-84987E8674EC}.Debug_DirectX11|Win32.ActiveCfg = Debug|Win32
		{E4D373BF-E227-48B9-99E6-84987E8674EC}.Debug_DirectX11|Win32.Build.0 = Debug|Win32
		{E4D373BF-E227-48B9-99E6-84987E8674EC}.Debug_OpenGLES1|ARM.ActiveCfg = Debug|ARM
		{E4D373BF-E227-48B9-99E6-84987E8674EC}.Debug_OpenGLES1|ARM.Build.0 = Debug|ARM
		{E4D373BF-E227-48B9-99E6-84987E8674EC}.Debug_OpenGLES1|Win32.ActiveCfg = Debug|Win32
		{E4D373BF-E227-48B9-99E6-84987E8674EC}.Debug_OpenGLES1|Win32.Build.0 = Debug|Win32
		{E4D373BF-E227-48B9-99E6-84987E8674EC}.Debug|ARM.ActiveCfg = Debug|ARM
		{E4D373BF-E227-48B9-99E6-84987E8674EC}.Debug|ARM.Build.0 = Debug|ARM
		{E4D373BF-E227-48B9-99E6-84987E8674EC}.Debug|Win32.ActiveCfg = Debug|Win32
		{E4D373BF-E227-48B9-99E6-84987E8674EC}.Debug|Win32.Build.0 = Debug|Win32
		{E4D373BF-E227-48B9-99E6-84987E8674EC}.DebugP8_DirectX11|ARM.ActiveCfg = DebugP8|ARM
		{E4D373BF-E227-48B9-99E6-84987E8674EC}.DebugP8_DirectX11|ARM.Build.0 = DebugP8|ARM
		{E4D373BF-E227-48B9-99E6-84987E8674EC}.DebugP8_DirectX11|Win32.ActiveCfg = DebugP8|Win32
		{E4D373BF-E227-48B9-99E6-84987E8674EC}.DebugP8_DirectX11|Win32.Build.0 = DebugP8|Win32
		{E4D373BF-E227-48B9-99E6-84987E8674EC}.DebugP8_OpenGLES1|ARM.ActiveCfg = DebugP8|ARM
		{E4D373BF-E227-48B9-99E6-84987E8674EC}.DebugP8_OpenGLES1|ARM.Build.0 = DebugP8|ARM
		{E4D373BF-E227-48B9-99E6-84987E8674EC}.DebugP8_OpenGLES1|Win32.ActiveCfg = DebugP8|Win32
		{E4D373BF-E227-48B9-99E6-84987E8674EC}.DebugP8_OpenGLES1|Win32.Build.0 = DebugP8|Win32
		{E4D373BF-E227-48B9-99E6-84987E8674EC}.DebugP8|ARM.ActiveCfg = DebugP8|ARM
		{E4D373BF-E227-48B9-99E6-84987E8674EC}.DebugP8|ARM.Build.0 = DebugP8|ARM
		{E4D373BF-E227-48B9-99E6-84987E8674EC}.DebugP8|Win32.ActiveCfg = DebugP8|Win32
		{E4D373BF-E227-48B9-99E6-84987E8674EC}.DebugP8|Win32.Build.0 = DebugP8|Win32
		{E4D373BF-E227-48B9-99E6-84987E8674EC}.Release_DirectX11|ARM.ActiveCfg = Release|ARM
		{E4D373BF-E227-48B9-99E6-84987E8674EC}.Release_DirectX11|ARM.Build.0 = Release|ARM
		{E4D373BF-E227-48B9-99E6-84987E8674EC}.Release_DirectX11|Win32.ActiveCfg = Release|Win32
		{E4D373BF-E227-48B9-99E6-84987E8674EC}.Release_DirectX11|Win32.Build.0 = Release|Win32
		{E4D373BF-E227-48B9-99E6-84987E8674EC}.Release_OpenGLES1|ARM.ActiveCfg = Release|ARM
		{E4D373BF-E227-48B9-99E6-84987E8674EC}.Release_OpenGLES1|ARM.Build.0 = Release|ARM
		{E4D373BF-E227-48B9-99E6-84987E8674EC}.Release_OpenGLES1|Win32.ActiveCfg = Release|Win32
		{E4D373BF-E227-48B9-99E6-84987E8674EC}.Release_OpenGLES1|Win32.Build.0 = Release|Win32
		{E4D373BF-E227-48B9-99E6-84987E8674EC}.Release|ARM.ActiveCfg = Release|ARM
		{E4D373BF-E227-48B9-99E6-84987E8674EC}.Release|ARM.Build.0 = Release|ARM
		{E4D373BF-E227-48B9-99E6-84987E8674EC}.Release|Win32.ActiveCfg = Release|Win32
		{E4D373BF-E227-48B9-99E6-84987E8674EC}.Release|Win32.Build.0 = Release|Win32
		{E4D373BF-E227-48B9-99E6-84987E8674EC}.ReleaseP8_DirectX11|ARM.ActiveCfg = ReleaseP8|ARM
		{E4D373BF-E227-48B9-99E6-84987E8674EC}.ReleaseP8_DirectX11|ARM.Build.0 = ReleaseP8|ARM
		{E4D373BF-E227-48B9-99E6-84987E8674EC}.ReleaseP8_DirectX11|Win32.ActiveCfg = ReleaseP8|Win32
		{E4D373BF-E227-48B9-99E6-84987E8674EC}.ReleaseP8_DirectX11|Win32.Build.0 = ReleaseP8|Win32
		{E4D373BF-E227-48B9-99E6-84987E8674EC}.ReleaseP8_OpenGLES1|ARM.ActiveCfg = ReleaseP8|ARM
		{E4D373BF-E227-48B9-99E6-84987E8674EC}.ReleaseP8_OpenGLES1|ARM.Build.0 = ReleaseP8|ARM
		{E4D373BF-E227-48B9-99E6-84987E8674EC}.ReleaseP8_OpenGLES1|Win32.ActiveCfg = ReleaseP8|Win32
		{E4D373BF-E227-48B9-99E6-84987E8674EC}.ReleaseP8_OpenGLES1|Win32.Build.0 = ReleaseP8|Win32
		{E4D373BF-E227-48B9-99E6-84987E8674EC}.ReleaseP8|ARM.ActiveCfg = ReleaseP8|ARM
		{E4D373BF-E227-48B9-99E6-84987E8674EC}.ReleaseP8|ARM.Build.0 = ReleaseP8|ARM
		{E4D373BF-E227-48B9-99E6-84987E8674EC}.ReleaseP8|Win32.ActiveCfg = ReleaseP8|Win32
		{E4D373BF-E227-48B9-99E6-84987E8674EC}.ReleaseP8|Win32.Build.0 = ReleaseP8|Win32
		{E0BA09D4-16F6-495D-8497-C7FC6BA2C7B7}.Debug_DirectX11|ARM.ActiveCfg = Debug|ARM
		{E0BA09D4-16F6-495D-8497-C7FC6BA2C7B7}.Debug_DirectX11|Win32.ActiveCfg = Debug|Win32
		{E0BA09D4-16F6-495D-8497-C7FC6BA2C7B7}.Debug_OpenGLES1|ARM.ActiveCfg = Debug|ARM
		{E0BA09D4-16F6-495D-8497-C7FC6BA2C7B7}.Debug_OpenGLES1|Win32.ActiveCfg = Debug|Win32
		{E0BA09D4-16F6-495D-8497-C7FC6BA2C7B7}.Debug|ARM.ActiveCfg = Debug|ARM
		{E0BA09D4-16F6-495D-8497-C7FC6BA2C7B7}.Debug|Win32.ActiveCfg = Debug|Win32
		{E0BA09D4-16F6-495D-8497-C7FC6BA2C7B7}.DebugP8_DirectX11|ARM.ActiveCfg = DebugP8|ARM
		{E0BA09D4-16F6-495D-8497-C7FC6BA2C7B7}.DebugP8_DirectX11|Win32.ActiveCfg = DebugP8|Win32
		{E0BA09D4-16F6-495D-8497-C7FC6BA2C7B7}.DebugP8_OpenGLES1|ARM.ActiveCfg = DebugP8|ARM
		{E0BA09D4-16F6-495D-8497-C7FC6BA2C7B7}.DebugP8_OpenGLES1|Win32.ActiveCfg = DebugP8|Win32
		{E0BA09D4-16F6-495D-8497-C7FC6BA2C7B7}.DebugP8|ARM.ActiveCfg = DebugP8|ARM
		{E0BA09D4-16F6-495D-8497-C7FC6BA2C7B7}.DebugP8|Win32.ActiveCfg = DebugP8|Win32
		{E0BA09D4-16F6-495D-8497-C7FC6BA2C7B7}.Release_DirectX11|ARM.ActiveCfg = Release|ARM
		{E0BA09D4-16F6-495D-8497-C7FC6BA2C7B7}.Release_DirectX11|Win32.ActiveCfg = Release|Win32
		{E0BA09D4-16F6-495D-8497-C7FC6BA2C7B7}.Release_OpenGLES1|ARM.ActiveCfg = Release|ARM
		{E0BA09D4-16F6-495D-8497-C7FC6BA2C7B7}.Release_OpenGLES1|Win32.ActiveCfg = Release|Win32
		{E0BA09D4-16F6-495D-8497-C7FC6BA2C7B7}.Release|ARM.ActiveCfg = Release|ARM
		{E0BA09D4-16F6-495D-8497-C7FC6BA2C7B7}.Release|Win32.ActiveCfg = Release|Win32
		{E0BA09D4-16F6-495D-8497-C7FC6BA2C7B7}.ReleaseP8_DirectX11|ARM.ActiveCfg = ReleaseP8|ARM
		{E0BA09D4-16F6-495D-8497-C7FC6BA2C7B7}.ReleaseP8_DirectX11|Win32.ActiveCfg = ReleaseP8|Win32
		{E0BA09D4-16F6-495D-8497-C7FC6BA2C7B7}.ReleaseP8_OpenGLES1|ARM.ActiveCfg = ReleaseP8|ARM
		{E0BA09D4-16F6-495D-8497-C7FC6BA2C7B7}.ReleaseP8_OpenGLES1|Win32.ActiveCfg = ReleaseP8|Win32
		{E0BA09D4-16F6-495D-8497-C7FC6BA2C7B7}.ReleaseP8|ARM.ActiveCfg = ReleaseP8|ARM
		{E0BA09D4-16F6-495D-8497-C7FC6BA2C7B7}.ReleaseP8|Win32.ActiveCfg = ReleaseP8|Win32
		{019DBD2A-273D-4BA4-BF86-B5EFE2ED76B1}.Debug_DirectX11|ARM.ActiveCfg = Debug|ARM
		{019DBD2A-273D-4BA4-BF86-B5EFE2ED76B1}.Debug_DirectX11|ARM.Build.0 = Debug|ARM
		{019DBD2A-273D-4BA4-BF86-B5EFE2ED76B1}.Debug_DirectX11|Win32.ActiveCfg = Debug|Win32
		{019DBD2A-273D-4BA4-BF86-B5EFE2ED76B1}.Debug_DirectX11|Win32.Build.0 = Debug|Win32
		{019DBD2A-273D-4BA4-BF86-B5EFE2ED76B1}.Debug_OpenGLES1|ARM.ActiveCfg = Debug|ARM
		{019DBD2A-273D-4BA4-BF86-B5EFE2ED76B1}.Debug_OpenGLES1|ARM.Build.0 = Debug|ARM
		{019DBD2A-273D-4BA4-BF86-B5EFE2ED76B1}.Debug_OpenGLES1|Win32.ActiveCfg = Debug|Win32
		{019DBD2A-273D-4BA4-BF86-B5EFE2ED76B1}.Debug_OpenGLES1|Win32.Build.0 = Debug|Win32
		{019DBD2A-273D-4BA4-BF86-B5EFE2ED76B1}.Debug|ARM.ActiveCfg = Debug|ARM
		{019DBD2A-273D-4BA4-BF86-B5EFE2ED76B1}.Debug|ARM.Build.0 = Debug|ARM
		{019DBD2A-273D-4BA4-BF86-B5EFE2ED76B1}.Debug|Win32.ActiveCfg = Debug|Win32
		{019DBD2A-273D-4BA4-BF86-B5EFE2ED76B1}.Debug|Win32.Build.0 = Debug|Win32
		{019DBD2A-273D-4BA4-BF86-B5EFE2ED76B1}.DebugP8_DirectX11|ARM.ActiveCfg = DebugP8|ARM
		{019DBD2A-273D-4BA4-BF86-B5EFE2ED76B1}.DebugP8_DirectX11|ARM.Build.0 = DebugP8|ARM
		{019DBD2A-273D-4BA4-BF86-B5EFE2ED76B1}.DebugP8_DirectX11|Win32.ActiveCfg = DebugP8|Win32
		{019DBD2A-273D-4BA4-BF86-B5EFE2ED76B1}.DebugP8_DirectX11|Win32.Build.0 = DebugP8|Win32
		{019DBD2A-273D-4BA4-BF86-B5EFE2ED76B1}.DebugP8_OpenGLES1|ARM.ActiveCfg = DebugP8|ARM
		{019DBD2A-273D-4BA4-BF86-B5EFE2ED76B1}.DebugP8_OpenGLES1|ARM.Build.0 = DebugP8|ARM
		{019DBD2A-273D-4BA4-BF86-B5EFE2ED76B1}.DebugP8_OpenGLES1|Win32.ActiveCfg = DebugP8|Win32
		{019DBD2A-273D-4BA4-BF86-B5EFE2ED76B1}.DebugP8_OpenGLES1|Win32.Build.0 = DebugP8|Win32
		{019DBD2A-273D-4BA4-BF86-B5EFE2ED76B1}.DebugP8|ARM.ActiveCfg = DebugP8|ARM
		{019DBD2A-273D-4BA4-BF86-B5EFE2ED76B1}.DebugP8|ARM.Build.0 = DebugP8|ARM
		{019DBD2A-273D-4BA4-BF86-B5EFE2ED76B1}.DebugP8|Win32.ActiveCfg = DebugP8|Win32
		{019DBD2A-273D-4BA4-BF86-B5EFE2ED76B1}.DebugP8|Win32.Build.0 = DebugP8|Win32
		{019DBD2A-273D-4BA4-BF86-B5EFE2ED76B1}.Release_DirectX11|ARM.ActiveCfg = Release|ARM
		{019DBD2A-273D-4BA4-BF86-B5EFE2ED76B1}.Release_DirectX11|ARM.Build.0 = Release|ARM
		{019DBD2A-273D-4BA4-BF86-B5EFE2ED76B1}.Release_DirectX11|Win32.ActiveCfg = Release|Win32
		{019DBD2A-273D-4BA4-BF86-B5EFE2ED76B1}.Release_DirectX11|Win32.Build.0 = Release|Win32
		{019DBD2A-273D-4BA4-BF86-B5EFE2ED76B1}.Release_OpenGLES1|ARM.ActiveCfg = Release|ARM
		{019DBD2A-273D-4BA4-BF86-B5EFE2ED76B1}.Release_OpenGLES1|ARM.Build.0 = Release|ARM
		{019DBD2A-273D-4BA4-BF86-B5EFE2ED76B1}.Release_OpenGLES1|Win32.ActiveCfg = Release|Win32
		{019DBD2A-273D-4BA4-BF86-B5EFE2ED76B1}.Release_OpenGLES1|Win32.Build.0 = Release|Win32
		{019DBD2A-273D-4BA4-BF86-B5EFE2ED76B1}.Release|ARM.ActiveCfg = Release|ARM
		{019DBD2A-273D-4BA4-BF86-B5EFE2ED76B1}.Release|ARM.Build.0 = Release|ARM
		{019DBD2A-273D-4BA4-BF86-B5EFE2ED76B1}.Release|Win32.ActiveCfg = Release|Win32
		{019DBD2A-273D-4BA4-BF86-B5EFE2ED76B1}.Release|Win32.Build.0 = Release|Win32
		{019DBD2A-273D-4BA4-BF86-B5EFE2ED76B1}.ReleaseP8_DirectX11|ARM.ActiveCfg = ReleaseP8|ARM
		{019DBD2A-273D-4BA4-BF86-B5EFE2ED76B1}.ReleaseP8_DirectX11|ARM.Build.0 = ReleaseP8|ARM
		{019DBD2A-273D-4BA4-BF86-B5EFE2ED76B1}.ReleaseP8_DirectX11|Win32.ActiveCfg = ReleaseP8|Win32
		{019DBD2A-273D-4BA4-BF86-B5EFE2ED76B1}.ReleaseP8_DirectX11|Win32.Build.0 = ReleaseP8|Win32
		{019DBD2A-273D-4BA4-BF86-B5EFE2ED76B1}.ReleaseP8_OpenGLES1|ARM.ActiveCfg = ReleaseP8|ARM
		{019DBD2A-273D-4BA4-BF86-B5EFE2ED76B1}.ReleaseP8_OpenGLES1|ARM.Build.0 = ReleaseP8|ARM
		{019DBD2A-273D-4BA4-BF86-B5EFE2ED76B1}.ReleaseP8_OpenGLES1|Win32.ActiveCfg = ReleaseP8|Win32
		{019DBD2A-273D-4BA4-BF86-B5EFE2ED76B1}.ReleaseP8_OpenGLES1|Win32.Build.0 = ReleaseP8|Win32
		{019DBD2A-273D-4BA4-BF86-B5EFE2ED76B1}.ReleaseP8|ARM.ActiveCfg = ReleaseP8|ARM
		{019DBD2A-273D-4BA4-BF86-B5EFE2ED76B1}.ReleaseP8|ARM.Build.0 = ReleaseP8|ARM
		{019DBD2A-273D-4BA4-BF86-B5EFE2ED76B1}.ReleaseP8|Win32.ActiveCfg = ReleaseP8|Win32
		{019DBD2A-273D-4BA4-BF86-B5EFE2ED76B1}.ReleaseP8|Win32.Build.0 = ReleaseP8|Win32
		{D6973076-9317-4EF2-A0B8-B7A18AC0713E}.Debug_DirectX11|ARM.ActiveCfg = Debug|ARM
		{D6973076-9317-4EF2-A0B8-B7A18AC0713E}.Debug_DirectX11|ARM.Build.0 = Debug|ARM
		{D6973076-9317-4EF2-A0B8-B7A18AC0713E}.Debug_DirectX11|Win32.ActiveCfg = Debug|Win32
		{D6973076-9317-4EF2-A0B8-B7A18AC0713E}.Debug_DirectX11|Win32.Build.0 = Debug|Win32
		{D6973076-9317-4EF2-A0B8-B7A18AC0713E}.Debug_OpenGLES1|ARM.ActiveCfg = Debug|ARM
		{D6973076-9317-4EF2-A0B8-B7A18AC0713E}.Debug_OpenGLES1|ARM.Build.0 = Debug|ARM
		{D6973076-9317-4EF2-A0B8-B7A18AC0713E}.Debug_OpenGLES1|Win32.ActiveCfg = Debug|Win32
		{D6973076-9317-4EF2-A0B8-B7A18AC0713E}.Debug_OpenGLES1|Win32.Build.0 = Debug|Win32
		{D6973076-9317-4EF2-A0B8-B7A18AC0713E}.Debug|ARM.ActiveCfg = Debug|ARM
		{D6973076-9317-4EF2-A0B8-B7A18AC0713E}.Debug|ARM.Build.0 = Debug|ARM
		{D6973076-9317-4EF2-A0B8-B7A18AC0713E}.Debug|Win32.ActiveCfg = Debug|Win32
		{D6973076-9317-4EF2-A0B8-B7A18AC0713E}.Debug|Win32.Build.0 = Debug|Win32
		{D6973076-9317-4EF2-A0B8-B7A18AC0713E}.DebugP8_DirectX11|ARM.ActiveCfg = DebugP8|ARM
		{D6973076-9317-4EF2-A0B8-B7A18AC0713E}.DebugP8_DirectX11|ARM.Build.0 = DebugP8|ARM
		{D6973076-9317-4EF2-A0B8-B7A18AC0713E}.DebugP8_DirectX11|Win32.ActiveCfg = DebugP8|Win32
		{D6973076-9317-4EF2-A0B8-B7A18AC0713E}.DebugP8_DirectX11|Win32.Build.0 = DebugP8|Win32
		{D6973076-9317-4EF2-A0B8-B7A18AC0713E}.DebugP8_OpenGLES1|ARM.ActiveCfg = DebugP8|ARM
		{D6973076-9317-4EF2-A0B8-B7A18AC0713E}.DebugP8_OpenGLES1|ARM.Build.0 = DebugP8|ARM
		{D6973076-9317-4EF2-A0B8-B7A18AC0713E}.DebugP8_OpenGLES1|Win32.ActiveCfg = DebugP8|Win32
		{D6973076-9317-4EF2-A0B8-B7A18AC0713E}.DebugP8_OpenGLES1|Win32.Build.0 = DebugP8|Win32
		{D6973076-9317-4EF2-A0B8-B7A18AC0713E}.DebugP8|ARM.ActiveCfg = DebugP8|ARM
		{D6973076-9317-4EF2-A0B8-B7A18AC0713E}.DebugP8|ARM.Build.0 = DebugP8|ARM
		{D6973076-9317-4EF2-A0B8-B7A18AC0713E}.DebugP8|Win32.ActiveCfg = DebugP8|Win32
		{D6973076-9317-4EF2-A0B8-B7A18AC0713E}.DebugP8|Win32.Build.0 = DebugP8|Win32
		{D6973076-9317-4EF2-A0B8-B7A18AC0713E}.Release_DirectX11|ARM.ActiveCfg = Release|ARM
		{D6973076-9317-4EF2-A0B8-B7A18AC0713E}.Release_DirectX11|ARM.Build.0 = Release|ARM
		{D6973076-9317-4EF2-A0B8-B7A18AC0713E}.Release_DirectX11|Win32.ActiveCfg = Release|Win32
		{D6973076-9317-4EF2-A0B8-B7A18AC0713E}.Release_DirectX11|Win32.Build.0 = Release|Win32
		{D6973076-9317-4EF2-A0B8-B7A18AC0713E}.Release_OpenGLES1|ARM.ActiveCfg = Release|ARM
		{D6973076-9317-4EF2-A0B8-B7A18AC0713E}.Release_OpenGLES1|ARM.Build.0 = Release|ARM
		{D6973076-9317-4EF2-A0B8-B7A18AC0713E}.Release_OpenGLES1|Win32.ActiveCfg = Release|Win32
		{D6973076-9317-4EF2-A0B8-B7A18AC0713E}.Release_OpenGLES1|Win32.Build.0 = Release|Win32
		{D6973076-9317-4EF2-A0B8-B7A18AC0713E}.Release|ARM.ActiveCfg = Release|ARM
		{D6973076-9317-4EF2-A0B8-B7A18AC0713E}.Release|ARM.Build.0 = Release|ARM
		{D6973076-9317-4EF2-A0B8-B7A18AC0713E}.Release|Win32.ActiveCfg = Release|Win32
		{D6973076-9317-4EF2-A0B8-B7A18AC0713E}.Release|Win32.Build.0 = Release|Win32
		{D6973076-9317-4EF2-A0B8-B7A18AC0713E}.ReleaseP8_DirectX11|ARM.ActiveCfg = ReleaseP8|ARM
		{D6973076-9317-4EF2-A0B8-B7A18AC0713E}.ReleaseP8_DirectX11|ARM.Build.0 = ReleaseP8|ARM
		{D6973076-9317-4EF2-A0B8-B7A18AC0713E}.ReleaseP8_DirectX11|Win32.ActiveCfg = ReleaseP8|Win32
		{D6973076-9317-4EF2-A0B8-B7A18AC0713E}.ReleaseP8_DirectX11|Win32.Build.0 = ReleaseP8|Win32
		{D6973076-9317-4EF2-A0B8-B7A18AC0713E}.ReleaseP8_OpenGLES1|ARM.ActiveCfg = ReleaseP8|ARM
		{D6973076-9317-4EF2-A0B8-B7A18AC0713E}.ReleaseP8_OpenGLES1|ARM.Build.0 = ReleaseP8|ARM
		{D6973076-9317-4EF2-A0B8-B7A18AC0713E}.ReleaseP8_OpenGLES1|Win32.ActiveCfg = ReleaseP8|Win32
		{D6973076-9317-4EF2-A0B8-B7A18AC0713E}.ReleaseP8_OpenGLES1|Win32.Build.0 = ReleaseP8|Win32
		{D6973076-9317-4EF2-A0B8-B7A18AC0713E}.ReleaseP8|ARM.ActiveCfg = ReleaseP8|ARM
		{D6973076-9317-4EF2-A0B8-B7A18AC0713E}.ReleaseP8|ARM.Build.0 = ReleaseP8|ARM
		{D6973076-9317-4EF2-A0B8-B7A18AC0713E}.ReleaseP8|Win32.ActiveCfg = ReleaseP8|Win32
		{D6973076-9317-4EF2-A0B8-B7A18AC0713E}.ReleaseP8|Win32.Build.0 = ReleaseP8|Win32
		{60F89955-91C6-3A36-8000-13C592FEC2DF}.Debug_DirectX11|ARM.ActiveCfg = Debug|ARM
		{60F89955-91C6-3A36-8000-13C592FEC2DF}.Debug_DirectX11|ARM.Build.0 = Debug|ARM
		{60F89955-91C6-3A36-8000-13C592FEC2DF}.Debug_DirectX11|Win32.ActiveCfg = Debug|Win32
		{60F89955-91C6-3A36-8000-13C592FEC2DF}.Debug_DirectX11|Win32.Build.0 = Debug|Win32
		{60F89955-91C6-3A36-8000-13C592FEC2DF}.Debug_OpenGLES1|ARM.ActiveCfg = Debug|ARM
		{60F89955-91C6-3A36-8000-13C592FEC2DF}.Debug_OpenGLES1|ARM.Build.0 = Debug|ARM
		{60F89955-91C6-3A36-8000-13C592FEC2DF}.Debug_OpenGLES1|Win32.ActiveCfg = Debug|Win32
		{60F89955-91C6-3A36-8000-13C592FEC2DF}.Debug_OpenGLES1|Win32.Build.0 = Debug|Win32
		{60F89955-91C6-3A36-8000-13C592FEC2DF}.Debug|ARM.ActiveCfg = Debug|ARM
		{60F89955-91C6-3A36-8000-13C592FEC2DF}.Debug|ARM.Build.0 = Debug|ARM
		{60F89955-91C6-3A36-8000-13C592FEC2DF}.Debug|Win32.ActiveCfg = Debug|Win32
		{60F89955-91C6-3A36-8000-13C592FEC2DF}.Debug|Win32.Build.0 = Debug|Win32
		{60F89955-91C6-3A36-8000-13C592FEC2DF}.DebugP8_DirectX11|ARM.ActiveCfg = DebugP8|ARM
		{60F89955-91C6-3A36-8000-13C592FEC2DF}.DebugP8_DirectX11|ARM.Build.0 = DebugP8|ARM
		{60F89955-91C6-3A36-8000-13C592FEC2DF}.DebugP8_DirectX11|Win32.ActiveCfg = DebugP8|Win32
		{60F89955-91C6-3A36-8000-13C592FEC2DF}.DebugP8_DirectX11|Win32.Build.0 = DebugP8|Win32
		{60F89955-91C6-3A36-8000-13C592FEC2DF}.DebugP8_OpenGLES1|ARM.ActiveCfg = DebugP8|ARM
		{60F89955-91C6-3A36-8000-13C592FEC2DF}.DebugP8_OpenGLES1|ARM.Build.0 = DebugP8|ARM
		{60F89955-91C6-3A36-8000-13C592FEC2DF}.DebugP8_OpenGLES1|Win32.ActiveCfg = DebugP8|Win32
		{60F89955-91C6-3A36-8000-13C592FEC2DF}.DebugP8_OpenGLES1|Win32.Build.0 = DebugP8|Win32
		{60F89955-91C6-3A36-8000-13C592FEC2DF}.DebugP8|ARM.ActiveCfg = DebugP8|ARM
		{60F89955-91C6-3A36-8000-13C592FEC2DF}.DebugP8|ARM.Build.0 = DebugP8|ARM
		{60F89955-91C6-3A36-8000-13C592FEC2DF}.DebugP8|Win32.ActiveCfg = DebugP8|Win32
		{60F89955-91C6-3A36-8000-13C592FEC2DF}.DebugP8|Win32.Build.0 = DebugP8|Win32
		{60F89955-91C6-3A36-8000-13C592FEC2DF}.Release_DirectX11|ARM.ActiveCfg = Release|ARM
		{60F89955-91C6-3A36-8000-13C592FEC2DF}.Release_DirectX11|ARM.Build.0 = Release|ARM
		{60F89955-91C6-3A36-8000-13C592FEC2DF}.Release_DirectX11|Win32.ActiveCfg = Release|Win32
		{60F89955-91C6-3A36-8000-13C592FEC2DF}.Release_DirectX11|Win32.Build.0 = Release|Win32
		{60F89955-91C6-3A36-8000-13C592FEC2DF}.Release_OpenGLES1|ARM.ActiveCfg = Release|ARM
		{60F89955-91C6-3A36-8000-13C592FEC2DF}.Release_OpenGLES1|ARM.Build.0 = Release|ARM
		{60F89955-91C6-3A36-8000-13C592FEC2DF}.Release_OpenGLES1|Win32.ActiveCfg = Release|Win32
		{60F89955-91C6-3A36-8000-13C592FEC2DF}.Release_OpenGLES1|Win32.Build.0 = Release|Win32
		{60F89955-91C6-3A36-8000-13C592FEC2DF}.Release|ARM.ActiveCfg = Release|ARM
		{60F89955-91C6-3A36-8000-13C592FEC2DF}.Release|ARM.Build.0 = Release|ARM
		{60F89955-91C6-3A36-8000-13C592FEC2DF}.Release|Win32.ActiveCfg = Release|Win32
		{60F89955-91C6-3A36-8000-13C592FEC2DF}.Release|Win32.Build.0 = Release|Win32
		{60F89955-91C6-3A36-8000-13C592FEC2DF}.ReleaseP8_DirectX11|ARM.ActiveCfg = ReleaseP8|ARM
		{60F89955-91C6-3A36-8000-13C592FEC2DF}.ReleaseP8_DirectX11|ARM.Build.0 = ReleaseP8|ARM
		{60F89955-91C6-3A36-8000-13C592FEC2DF}.ReleaseP8_DirectX11|Win32.ActiveCfg = ReleaseP8|Win32
		{60F89955-91C6-3A36-8000-13C592FEC2DF}.ReleaseP8_DirectX11|Win32.Build.0 = ReleaseP8|Win32
		{60F89955-91C6-3A36-8000-13C592FEC2DF}.ReleaseP8_OpenGLES1|ARM.ActiveCfg = ReleaseP8|ARM
		{60F89955-91C6-3A36-8000-13C592FEC2DF}.ReleaseP8_OpenGLES1|ARM.Build.0 = ReleaseP8|ARM
		{60F89955-91C6-3A36-8000-13C592FEC2DF}.ReleaseP8_OpenGLES1|Win32.ActiveCfg = ReleaseP8|Win32
		{60F89955-91C6-3A36-8000-13C592FEC2DF}.ReleaseP8_OpenGLES1|Win32.Build.0 = ReleaseP8|Win32
		{60F89955-91C6-3A36-8000-13C592FEC2DF}.ReleaseP8|ARM.ActiveCfg = ReleaseP8|ARM
		{60F89955-91C6-3A36-8000-13C592FEC2DF}.ReleaseP8|ARM.Build.0 = ReleaseP8|ARM
		{60F89955-91C6-3A36-8000-13C592FEC2DF}.ReleaseP8|Win32.ActiveCfg = ReleaseP8|Win32
		{60F89955-91C6-3A36-8000-13C592FEC2DF}.ReleaseP8|Win32.Build.0 = ReleaseP8|Win32
		{2D053CDA-686B-4B36-80EB-1DA5F0CEF8F9}.Debug_DirectX11|ARM.ActiveCfg = Debug_DirectX11|ARM
		{2D053CDA-686B-4B36-80EB-1DA5F0CEF8F9}.Debug_DirectX11|ARM.Build.0 = Debug_DirectX11|ARM
		{2D053CDA-686B-4B36-80EB-1DA5F0CEF8F9}.Debug_DirectX11|Win32.ActiveCfg = Debug_DirectX11|Win32
		{2D053CDA-686B-4B36-80EB-1DA5F0CEF8F9}.Debug_DirectX11|Win32.Build.0 = Debug_DirectX11|Win32
		{2D053CDA-686B-4B36-80EB-1DA5F0CEF8F9}.Debug_OpenGLES1|ARM.ActiveCfg = Debug_OpenKODE|ARM
		{2D053CDA-686B-4B36-80EB-1DA5F0CEF8F9}.Debug_OpenGLES1|ARM.Build.0 = Debug_OpenKODE|ARM
		{2D053CDA-686B-4B36-80EB-1DA5F0CEF8F9}.Debug_OpenGLES1|Win32.ActiveCfg = Debug_OpenKODE|Win32
		{2D053CDA-686B-4B36-80EB-1DA5F0CEF8F9}.Debug_OpenGLES1|Win32.Build.0 = Debug_OpenKODE|Win32
		{2D053CDA-686B-4B36-80EB-1DA5F0CEF8F9}.Debug|ARM.ActiveCfg = Debug|ARM
		{2D053CDA-686B-4B36-80EB-1DA5F0CEF8F9}.Debug|ARM.Build.0 = Debug|ARM
		{2D053CDA-686B-4B36-80EB-1DA5F0CEF8F9}.Debug|Win32.ActiveCfg = Debug|Win32
		{2D053CDA-686B-4B36-80EB-1DA5F0CEF8F9}.Debug|Win32.Build.0 = Debug|Win32
		{2D053CDA-686B-4B36-80EB-1DA5F0CEF8F9}.DebugP8_DirectX11|ARM.ActiveCfg = DebugP8_DirectX11|ARM
		{2D053CDA-686B-4B36-80EB-1DA5F0CEF8F9}.DebugP8_DirectX11|ARM.Build.0 = DebugP8_DirectX11|ARM
		{2D053CDA-686B-4B36-80EB-1DA5F0CEF8F9}.DebugP8_DirectX11|Win32.ActiveCfg = DebugP8_DirectX11|Win32
		{2D053CDA-686B-4B36-80EB-1DA5F0CEF8F9}.DebugP8_DirectX11|Win32.Build.0 = DebugP8_DirectX11|Win32
		{2D053CDA-686B-4B36-80EB-1DA5F0CEF8F9}.DebugP8_OpenGLES1|ARM.ActiveCfg = DebugP8_OpenKODE|ARM
		{2D053CDA-686B-4B36-80EB-1DA5F0CEF8F9}.DebugP8_OpenGLES1|ARM.Build.0 = DebugP8_OpenKODE|ARM
		{2D053CDA-686B-4B36-80EB-1DA5F0CEF8F9}.DebugP8_OpenGLES1|Win32.ActiveCfg = DebugP8_OpenKODE|Win32
		{2D053CDA-686B-4B36-80EB-1DA5F0CEF8F9}.DebugP8_OpenGLES1|Win32.Build.0 = DebugP8_OpenKODE|Win32
		{2D053CDA-686B-4B36-80EB-1DA5F0CEF8F9}.DebugP8|ARM.ActiveCfg = DebugP8|ARM
		{2D053CDA-686B-4B36-80EB-1DA5F0CEF8F9}.DebugP8|ARM.Build.0 = DebugP8|ARM
		{2D053CDA-686B-4B36-80EB-1DA5F0CEF8F9}.DebugP8|Win32.ActiveCfg = DebugP8|Win32
		{2D053CDA-686B-4B36-80EB-1DA5F0CEF8F9}.DebugP8|Win32.Build.0 = DebugP8|Win32
		{2D053CDA-686B-4B36-80EB-1DA5F0CEF8F9}.Release_DirectX11|ARM.ActiveCfg = Release_DirectX11|ARM
		{2D053CDA-686B-4B36-80EB-1DA5F0CEF8F9}.Release_DirectX11|ARM.Build.0 = Release_DirectX11|ARM
		{2D053CDA-686B-4B36-80EB-1DA5F0CEF8F9}.Release_DirectX11|Win32.ActiveCfg = Release_DirectX11|Win32
		{2D053CDA-686B-4B36-80EB-1DA5F0CEF8F9}.Release_DirectX11|Win32.Build.0 = Release_DirectX11|Win32
		{2D053CDA-686B-4B36-80EB-1DA5F0CEF8F9}.Release_OpenGLES1|ARM.ActiveCfg = Release_OpenKODE|ARM
		{2D053CDA-686B-4B36-80EB-1DA5F0CEF8F9}.Release_OpenGLES1|ARM.Build.0 = Release_OpenKODE|ARM
		{2D053CDA-686B-4B36-80EB-1DA5F0CEF8F9}.Release_OpenGLES1|Win32.ActiveCfg = Release_OpenKODE|Win32
		{2D053CDA-686B-4B36-80EB-1DA5F0CEF8F9}.Release_OpenGLES1|Win32.Build.0 = Release_OpenKODE|Win32
		{2D053CDA-686B-4B36-80EB-1DA5F0CEF8F9}.Release|ARM.ActiveCfg = Release|ARM
		{2D053CDA-686B-4B36-80EB-1DA5F0CEF8F9}.Release|ARM.Build.0 = Release|ARM
		{2D053CDA-686B-4B36-80EB-1DA5F0CEF8F9}.Release|Win32.ActiveCfg = Release|Win32
		{2D053CDA-686B-4B36-80EB-1DA5F0CEF8F9}.Release|Win32.Build.0 = Release|Win32
		{2D053CDA-686B-4B36-80EB-1DA5F0CEF8F9}.ReleaseP8_DirectX11|ARM.ActiveCfg = ReleaseP8_DirectX11|ARM
		{2D053CDA-686B-4B36-80EB-1DA5F0CEF8F9}.ReleaseP8_DirectX11|ARM.Build.0 = ReleaseP8_DirectX11|ARM
		{2D053CDA-686B-4B36-80EB-1DA5F0CEF8F9}.ReleaseP8_DirectX11|Win32.ActiveCfg = ReleaseP8_DirectX11|Win32
		{2D053CDA-686B-4B36-80EB-1DA5F0CEF8F9}.ReleaseP8_DirectX11|Win32.Build.0 = ReleaseP8_DirectX11|Win32
		{2D053CDA-686B-4B36-80EB-1DA5F0CEF8F9}.ReleaseP8_OpenGLES1|ARM.ActiveCfg = ReleaseP8_OpenKODE|ARM
		{2D053CDA-686B-4B36-80EB-1DA5F0CEF8F9}.ReleaseP8_OpenGLES1|ARM.Build.0 = ReleaseP8_OpenKODE|ARM
		{2D053CDA-686B-4B36-80EB-1DA5F0CEF8F9}.ReleaseP8_OpenGLES1|Win32.ActiveCfg = ReleaseP8_OpenKODE|Win32
		{2D053CDA-686B-4B36-80EB-1DA5F0CEF8F9}.ReleaseP8_OpenGLES1|Win32.Build.0 = ReleaseP8_OpenKODE|Win32
		{2D053CDA-686B-4B36-80EB-1DA5F0CEF8F9}.ReleaseP8|ARM.ActiveCfg = ReleaseP8|ARM
		{2D053CDA-686B-4B36-80EB-1DA5F0CEF8F9}.ReleaseP8|ARM.Build.0 = ReleaseP8|ARM
		{2D053CDA-686B-4B36-80EB-1DA5F0CEF8F9}.ReleaseP8|Win32.ActiveCfg = ReleaseP8|Win32
		{2D053CDA-686B-4B36-80EB-1DA5F0CEF8F9}.ReleaseP8|Win32.Build.0 = ReleaseP8|Win32
	EndGlobalSection
	GlobalSection(SolutionProperties) = preSolution
		HideSolutionNode = FALSE
	EndGlobalSection
EndGlobal
