
Microsoft Visual Studio Solution File, Format Version 10.00
# Visual C++ Express 2008
Project("{8BC9CEB8-8B4A-11D0-8D11-00A0C91BC942}") = "libapril", "libapril.vcproj", "{2D053CDA-686B-4B36-80EB-1DA5F0CEF8F9}"
	ProjectSection(ProjectDependencies) = postProject
		{9C043B29-DB40-48D5-97D8-1BC44128E3BA} = {9C043B29-DB40-48D5-97D8-1BC44128E3BA}
		{E4D373BF-E227-48B9-99E6-84987E8674EC} = {E4D373BF-E227-48B9-99E6-84987E8674EC}
	EndProjectSection
EndProject
Project("{8BC9CEB8-8B4A-11D0-8D11-00A0C91BC942}") = "demo_simple", "demos\demo_simple\demo_simple.vcproj", "{8ED4EDB5-7C0E-411F-BCC6-E96882CC73F3}"
	ProjectSection(ProjectDependencies) = postProject
		{9C043B29-DB40-48D5-97D8-1BC44128E3BA} = {9C043B29-DB40-48D5-97D8-1BC44128E3BA}
		{E4D373BF-E227-48B9-99E6-84987E8674EC} = {E4D373BF-E227-48B9-99E6-84987E8674EC}
		{2D053CDA-686B-4B36-80EB-1DA5F0CEF8F9} = {2D053CDA-686B-4B36-80EB-1DA5F0CEF8F9}
	EndProjectSection
EndProject
Project("{8BC9CEB8-8B4A-11D0-8D11-00A0C91BC942}") = "demo_3d", "demos\demo_3d\demo_3d.vcproj", "{8ED4EDB5-7C0E-411F-BCC6-A96882CC73F3}"
	ProjectSection(ProjectDependencies) = postProject
		{9C043B29-DB40-48D5-97D8-1BC44128E3BA} = {9C043B29-DB40-48D5-97D8-1BC44128E3BA}
		{E4D373BF-E227-48B9-99E6-84987E8674EC} = {E4D373BF-E227-48B9-99E6-84987E8674EC}
		{2D053CDA-686B-4B36-80EB-1DA5F0CEF8F9} = {2D053CDA-686B-4B36-80EB-1DA5F0CEF8F9}
	EndProjectSection
EndProject
Project("{8BC9CEB8-8B4A-11D0-8D11-00A0C91BC942}") = "libgtypes", "..\gtypes\libgtypes.vcproj", "{9C043B29-DB40-48D5-97D8-1BC44128E3BA}"
EndProject
Project("{8BC9CEB8-8B4A-11D0-8D11-00A0C91BC942}") = "libhltypes", "..\hltypes\libhltypes.vcproj", "{E4D373BF-E227-48B9-99E6-84987E8674EC}"
EndProject
Project("{8BC9CEB8-8B4A-11D0-8D11-00A0C91BC942}") = "demo_tictactoe", "demos\demo_tictactoe\demo_tictactoe.vcproj", "{E0BA09D4-16F6-495D-8497-C7FC6BA2C7B7}"
	ProjectSection(ProjectDependencies) = postProject
		{9C043B29-DB40-48D5-97D8-1BC44128E3BA} = {9C043B29-DB40-48D5-97D8-1BC44128E3BA}
		{E4D373BF-E227-48B9-99E6-84987E8674EC} = {E4D373BF-E227-48B9-99E6-84987E8674EC}
		{2D053CDA-686B-4B36-80EB-1DA5F0CEF8F9} = {2D053CDA-686B-4B36-80EB-1DA5F0CEF8F9}
	EndProjectSection
EndProject
Global
	GlobalSection(SolutionConfigurationPlatforms) = preSolution
		Debug_DirectX9|Win32 = Debug_DirectX9|Win32
		Debug_OpenGL|Win32 = Debug_OpenGL|Win32
		Debug_OpenGLES1|Win32 = Debug_OpenGLES1|Win32
		Debug|Win32 = Debug|Win32
		Release_DirectX9|Win32 = Release_DirectX9|Win32
		Release_OpenGL|Win32 = Release_OpenGL|Win32
		Release_OpenGLES1|Win32 = Release_OpenGLES1|Win32
		Release|Win32 = Release|Win32
	EndGlobalSection
	GlobalSection(ProjectConfigurationPlatforms) = postSolution
		{2D053CDA-686B-4B36-80EB-1DA5F0CEF8F9}.Debug_DirectX9|Win32.ActiveCfg = Debug_DirectX9|Win32
		{2D053CDA-686B-4B36-80EB-1DA5F0CEF8F9}.Debug_DirectX9|Win32.Build.0 = Debug_DirectX9|Win32
		{2D053CDA-686B-4B36-80EB-1DA5F0CEF8F9}.Debug_OpenGL|Win32.ActiveCfg = Debug_OpenGL|Win32
		{2D053CDA-686B-4B36-80EB-1DA5F0CEF8F9}.Debug_OpenGL|Win32.Build.0 = Debug_OpenGL|Win32
		{2D053CDA-686B-4B36-80EB-1DA5F0CEF8F9}.Debug_OpenGLES1|Win32.ActiveCfg = Debug_OpenGLES1|Win32
		{2D053CDA-686B-4B36-80EB-1DA5F0CEF8F9}.Debug_OpenGLES1|Win32.Build.0 = Debug_OpenGLES1|Win32
		{2D053CDA-686B-4B36-80EB-1DA5F0CEF8F9}.Debug|Win32.ActiveCfg = Debug|Win32
		{2D053CDA-686B-4B36-80EB-1DA5F0CEF8F9}.Debug|Win32.Build.0 = Debug|Win32
		{2D053CDA-686B-4B36-80EB-1DA5F0CEF8F9}.Release_DirectX9|Win32.ActiveCfg = Release_DirectX9|Win32
		{2D053CDA-686B-4B36-80EB-1DA5F0CEF8F9}.Release_DirectX9|Win32.Build.0 = Release_DirectX9|Win32
		{2D053CDA-686B-4B36-80EB-1DA5F0CEF8F9}.Release_OpenGL|Win32.ActiveCfg = Release_OpenGL|Win32
		{2D053CDA-686B-4B36-80EB-1DA5F0CEF8F9}.Release_OpenGL|Win32.Build.0 = Release_OpenGL|Win32
		{2D053CDA-686B-4B36-80EB-1DA5F0CEF8F9}.Release_OpenGLES1|Win32.ActiveCfg = Release_OpenGLES1|Win32
		{2D053CDA-686B-4B36-80EB-1DA5F0CEF8F9}.Release_OpenGLES1|Win32.Build.0 = Release_OpenGLES1|Win32
		{2D053CDA-686B-4B36-80EB-1DA5F0CEF8F9}.Release|Win32.ActiveCfg = Release|Win32
		{2D053CDA-686B-4B36-80EB-1DA5F0CEF8F9}.Release|Win32.Build.0 = Release|Win32
		{8ED4EDB5-7C0E-411F-BCC6-E96882CC73F3}.Debug_DirectX9|Win32.ActiveCfg = Debug|Win32
		{8ED4EDB5-7C0E-411F-BCC6-E96882CC73F3}.Debug_DirectX9|Win32.Build.0 = Debug|Win32
		{8ED4EDB5-7C0E-411F-BCC6-E96882CC73F3}.Debug_OpenGL|Win32.ActiveCfg = Debug|Win32
		{8ED4EDB5-7C0E-411F-BCC6-E96882CC73F3}.Debug_OpenGL|Win32.Build.0 = Debug|Win32
		{8ED4EDB5-7C0E-411F-BCC6-E96882CC73F3}.Debug_OpenGLES1|Win32.ActiveCfg = Debug|Win32
		{8ED4EDB5-7C0E-411F-BCC6-E96882CC73F3}.Debug_OpenGLES1|Win32.Build.0 = Debug|Win32
		{8ED4EDB5-7C0E-411F-BCC6-E96882CC73F3}.Debug|Win32.ActiveCfg = Debug|Win32
		{8ED4EDB5-7C0E-411F-BCC6-E96882CC73F3}.Debug|Win32.Build.0 = Debug|Win32
		{8ED4EDB5-7C0E-411F-BCC6-E96882CC73F3}.Release_DirectX9|Win32.ActiveCfg = Release|Win32
		{8ED4EDB5-7C0E-411F-BCC6-E96882CC73F3}.Release_DirectX9|Win32.Build.0 = Release|Win32
		{8ED4EDB5-7C0E-411F-BCC6-E96882CC73F3}.Release_OpenGL|Win32.ActiveCfg = Release|Win32
		{8ED4EDB5-7C0E-411F-BCC6-E96882CC73F3}.Release_OpenGL|Win32.Build.0 = Release|Win32
		{8ED4EDB5-7C0E-411F-BCC6-E96882CC73F3}.Release_OpenGLES1|Win32.ActiveCfg = Release|Win32
		{8ED4EDB5-7C0E-411F-BCC6-E96882CC73F3}.Release_OpenGLES1|Win32.Build.0 = Release|Win32
		{8ED4EDB5-7C0E-411F-BCC6-E96882CC73F3}.Release|Win32.ActiveCfg = Release|Win32
		{8ED4EDB5-7C0E-411F-BCC6-E96882CC73F3}.Release|Win32.Build.0 = Release|Win32
		{8ED4EDB5-7C0E-411F-BCC6-A96882CC73F3}.Debug_DirectX9|Win32.ActiveCfg = Debug|Win32
		{8ED4EDB5-7C0E-411F-BCC6-A96882CC73F3}.Debug_DirectX9|Win32.Build.0 = Debug|Win32
		{8ED4EDB5-7C0E-411F-BCC6-A96882CC73F3}.Debug_OpenGL|Win32.ActiveCfg = Debug|Win32
		{8ED4EDB5-7C0E-411F-BCC6-A96882CC73F3}.Debug_OpenGL|Win32.Build.0 = Debug|Win32
		{8ED4EDB5-7C0E-411F-BCC6-A96882CC73F3}.Debug_OpenGLES1|Win32.ActiveCfg = Debug|Win32
		{8ED4EDB5-7C0E-411F-BCC6-A96882CC73F3}.Debug_OpenGLES1|Win32.Build.0 = Debug|Win32
		{8ED4EDB5-7C0E-411F-BCC6-A96882CC73F3}.Debug|Win32.ActiveCfg = Debug|Win32
		{8ED4EDB5-7C0E-411F-BCC6-A96882CC73F3}.Debug|Win32.Build.0 = Debug|Win32
		{8ED4EDB5-7C0E-411F-BCC6-A96882CC73F3}.Release_DirectX9|Win32.ActiveCfg = Release|Win32
		{8ED4EDB5-7C0E-411F-BCC6-A96882CC73F3}.Release_DirectX9|Win32.Build.0 = Release|Win32
		{8ED4EDB5-7C0E-411F-BCC6-A96882CC73F3}.Release_OpenGL|Win32.ActiveCfg = Release|Win32
		{8ED4EDB5-7C0E-411F-BCC6-A96882CC73F3}.Release_OpenGL|Win32.Build.0 = Release|Win32
		{8ED4EDB5-7C0E-411F-BCC6-A96882CC73F3}.Release_OpenGLES1|Win32.ActiveCfg = Release|Win32
		{8ED4EDB5-7C0E-411F-BCC6-A96882CC73F3}.Release_OpenGLES1|Win32.Build.0 = Release|Win32
		{8ED4EDB5-7C0E-411F-BCC6-A96882CC73F3}.Release|Win32.ActiveCfg = Release|Win32
		{8ED4EDB5-7C0E-411F-BCC6-A96882CC73F3}.Release|Win32.Build.0 = Release|Win32
		{9C043B29-DB40-48D5-97D8-1BC44128E3BA}.Debug_DirectX9|Win32.ActiveCfg = Debug|Win32
		{9C043B29-DB40-48D5-97D8-1BC44128E3BA}.Debug_DirectX9|Win32.Build.0 = Debug|Win32
		{9C043B29-DB40-48D5-97D8-1BC44128E3BA}.Debug_OpenGL|Win32.ActiveCfg = Debug|Win32
		{9C043B29-DB40-48D5-97D8-1BC44128E3BA}.Debug_OpenGL|Win32.Build.0 = Debug|Win32
		{9C043B29-DB40-48D5-97D8-1BC44128E3BA}.Debug_OpenGLES1|Win32.ActiveCfg = Debug|Win32
		{9C043B29-DB40-48D5-97D8-1BC44128E3BA}.Debug_OpenGLES1|Win32.Build.0 = Debug|Win32
		{9C043B29-DB40-48D5-97D8-1BC44128E3BA}.Debug|Win32.ActiveCfg = Debug|Win32
		{9C043B29-DB40-48D5-97D8-1BC44128E3BA}.Debug|Win32.Build.0 = Debug|Win32
		{9C043B29-DB40-48D5-97D8-1BC44128E3BA}.Release_DirectX9|Win32.ActiveCfg = Release|Win32
		{9C043B29-DB40-48D5-97D8-1BC44128E3BA}.Release_DirectX9|Win32.Build.0 = Release|Win32
		{9C043B29-DB40-48D5-97D8-1BC44128E3BA}.Release_OpenGL|Win32.ActiveCfg = Release|Win32
		{9C043B29-DB40-48D5-97D8-1BC44128E3BA}.Release_OpenGL|Win32.Build.0 = Release|Win32
		{9C043B29-DB40-48D5-97D8-1BC44128E3BA}.Release_OpenGLES1|Win32.ActiveCfg = Release|Win32
		{9C043B29-DB40-48D5-97D8-1BC44128E3BA}.Release_OpenGLES1|Win32.Build.0 = Release|Win32
		{9C043B29-DB40-48D5-97D8-1BC44128E3BA}.Release|Win32.ActiveCfg = Release|Win32
		{9C043B29-DB40-48D5-97D8-1BC44128E3BA}.Release|Win32.Build.0 = Release|Win32
		{E4D373BF-E227-48B9-99E6-84987E8674EC}.Debug_DirectX9|Win32.ActiveCfg = Debug|Win32
		{E4D373BF-E227-48B9-99E6-84987E8674EC}.Debug_DirectX9|Win32.Build.0 = Debug|Win32
		{E4D373BF-E227-48B9-99E6-84987E8674EC}.Debug_OpenGL|Win32.ActiveCfg = Debug|Win32
		{E4D373BF-E227-48B9-99E6-84987E8674EC}.Debug_OpenGL|Win32.Build.0 = Debug|Win32
		{E4D373BF-E227-48B9-99E6-84987E8674EC}.Debug_OpenGLES1|Win32.ActiveCfg = Debug|Win32
		{E4D373BF-E227-48B9-99E6-84987E8674EC}.Debug_OpenGLES1|Win32.Build.0 = Debug|Win32
		{E4D373BF-E227-48B9-99E6-84987E8674EC}.Debug|Win32.ActiveCfg = Debug|Win32
		{E4D373BF-E227-48B9-99E6-84987E8674EC}.Debug|Win32.Build.0 = Debug|Win32
		{E4D373BF-E227-48B9-99E6-84987E8674EC}.Release_DirectX9|Win32.ActiveCfg = Release|Win32
		{E4D373BF-E227-48B9-99E6-84987E8674EC}.Release_DirectX9|Win32.Build.0 = Release|Win32
		{E4D373BF-E227-48B9-99E6-84987E8674EC}.Release_OpenGL|Win32.ActiveCfg = Release|Win32
		{E4D373BF-E227-48B9-99E6-84987E8674EC}.Release_OpenGL|Win32.Build.0 = Release|Win32
		{E4D373BF-E227-48B9-99E6-84987E8674EC}.Release_OpenGLES1|Win32.ActiveCfg = Release|Win32
		{E4D373BF-E227-48B9-99E6-84987E8674EC}.Release_OpenGLES1|Win32.Build.0 = Release|Win32
		{E4D373BF-E227-48B9-99E6-84987E8674EC}.Release|Win32.ActiveCfg = Release|Win32
		{E4D373BF-E227-48B9-99E6-84987E8674EC}.Release|Win32.Build.0 = Release|Win32
		{E0BA09D4-16F6-495D-8497-C7FC6BA2C7B7}.Debug_DirectX9|Win32.ActiveCfg = Debug|Win32
		{E0BA09D4-16F6-495D-8497-C7FC6BA2C7B7}.Debug_DirectX9|Win32.Build.0 = Debug|Win32
		{E0BA09D4-16F6-495D-8497-C7FC6BA2C7B7}.Debug_OpenGL|Win32.ActiveCfg = Debug|Win32
		{E0BA09D4-16F6-495D-8497-C7FC6BA2C7B7}.Debug_OpenGL|Win32.Build.0 = Debug|Win32
		{E0BA09D4-16F6-495D-8497-C7FC6BA2C7B7}.Debug_OpenGLES1|Win32.ActiveCfg = Debug|Win32
		{E0BA09D4-16F6-495D-8497-C7FC6BA2C7B7}.Debug_OpenGLES1|Win32.Build.0 = Debug|Win32
		{E0BA09D4-16F6-495D-8497-C7FC6BA2C7B7}.Debug|Win32.ActiveCfg = Debug|Win32
		{E0BA09D4-16F6-495D-8497-C7FC6BA2C7B7}.Debug|Win32.Build.0 = Debug|Win32
		{E0BA09D4-16F6-495D-8497-C7FC6BA2C7B7}.Release_DirectX9|Win32.ActiveCfg = Release|Win32
		{E0BA09D4-16F6-495D-8497-C7FC6BA2C7B7}.Release_DirectX9|Win32.Build.0 = Release|Win32
		{E0BA09D4-16F6-495D-8497-C7FC6BA2C7B7}.Release_OpenGL|Win32.ActiveCfg = Release|Win32
		{E0BA09D4-16F6-495D-8497-C7FC6BA2C7B7}.Release_OpenGL|Win32.Build.0 = Release|Win32
		{E0BA09D4-16F6-495D-8497-C7FC6BA2C7B7}.Release_OpenGLES1|Win32.ActiveCfg = Release|Win32
		{E0BA09D4-16F6-495D-8497-C7FC6BA2C7B7}.Release_OpenGLES1|Win32.Build.0 = Release|Win32
		{E0BA09D4-16F6-495D-8497-C7FC6BA2C7B7}.Release|Win32.ActiveCfg = Release|Win32
		{E0BA09D4-16F6-495D-8497-C7FC6BA2C7B7}.Release|Win32.Build.0 = Release|Win32
	EndGlobalSection
	GlobalSection(SolutionProperties) = preSolution
		HideSolutionNode = FALSE
	EndGlobalSection
EndGlobal
